# generated by rye
# use `rye lock` or `rye sync` to update this lockfile
#
# last locked with the following flags:
#   pre: false
#   features: []
#   all-features: false
#   with-sources: false
#   generate-hashes: false
#   universal: false

-e file:.
blinker==1.8.2
    # via flask
boto3==1.35.24
    # via work
botocore==1.35.24
    # via boto3
    # via s3transfer
click==8.1.7
    # via flask
flask==3.0.3
    # via work
itsdangerous==2.2.0
    # via flask
jinja2==3.1.4
    # via flask
jmespath==1.0.1
    # via boto3
    # via botocore
markupsafe==2.1.5
    # via jinja2
    # via werkzeug
mysql-connector-python==9.0.0
    # via work
python-dateutil==2.9.0.post0
    # via botocore
python-dotenv==1.0.1
    # via work
s3transfer==0.10.2
    # via boto3
six==1.16.0
    # via python-dateutil
urllib3==2.2.3
    # via botocore
werkzeug==3.0.4
    # via flask
